
Microsoft Visual Studio Solution File, Format Version 12.00
# Visual Studio Version 17
VisualStudioVersion = 17.14.36301.6 d17.14
MinimumVisualStudioVersion = 10.0.40219.1
Project("{8BC9CEB8-8B4A-11D0-8D11-00A0C91BC942}") = "Project1", "Project1.vcxproj", "{BBB0570B-F8F4-4AEB-9983-FF16D31C7BAD}"
EndProject
Global
	GlobalSection(SolutionConfigurationPlatforms) = preSolution
		Debug|x64 = Debug|x64
		Debug|x86 = Debug|x86
		Release|x64 = Release|x64
		Release|x86 = Release|x86
	EndGlobalSection
	GlobalSection(ProjectConfigurationPlatforms) = postSolution
		{BBB0570B-F8F4-4AEB-9983-FF16D31C7BAD}.Debug|x64.ActiveCfg = Debug|x64
		{BBB0570B-F8F4-4AEB-9983-FF16D31C7BAD}.Debug|x64.Build.0 = Debug|x64
		{BBB0570B-F8F4-4AEB-9983-FF16D31C7BAD}.Debug|x86.ActiveCfg = Debug|Win32
		{BBB0570B-F8F4-4AEB-9983-FF16D31C7BAD}.Debug|x86.Build.0 = Debug|Win32
		{BBB0570B-F8F4-4AEB-9983-FF16D31C7BAD}.Release|x64.ActiveCfg = Release|x64
		{BBB0570B-F8F4-4AEB-9983-FF16D31C7BAD}.Release|x64.Build.0 = Release|x64
		{BBB0570B-F8F4-4AEB-9983-FF16D31C7BAD}.Release|x86.ActiveCfg = Release|Win32
		{BBB0570B-F8F4-4AEB-9983-FF16D31C7BAD}.Release|x86.Build.0 = Release|Win32
	EndGlobalSection
	GlobalSection(SolutionProperties) = preSolution
		HideSolutionNode = FALSE
	EndGlobalSection
	GlobalSection(ExtensibilityGlobals) = postSolution
		SolutionGuid = {1619BDC0-A895-469B-B850-216D6C626150}
	EndGlobalSection
EndGlobal
