
Microsoft Visual Studio Solution File, Format Version 12.00
# Visual Studio Version 17
VisualStudioVersion = 17.14.36414.22 d17.14
MinimumVisualStudioVersion = 10.0.40219.1
Project("{8BC9CEB8-8B4A-11D0-8D11-00A0C91BC942}") = "202207051 박영환-(12)", "202207051 박영환-(12).vcxproj", "{72FCC690-B3C8-4006-B85D-D62D6E00BF9E}"
EndProject
Global
	GlobalSection(SolutionConfigurationPlatforms) = preSolution
		Debug|x64 = Debug|x64
		Debug|x86 = Debug|x86
		Release|x64 = Release|x64
		Release|x86 = Release|x86
	EndGlobalSection
	GlobalSection(ProjectConfigurationPlatforms) = postSolution
		{72FCC690-B3C8-4006-B85D-D62D6E00BF9E}.Debug|x64.ActiveCfg = Debug|x64
		{72FCC690-B3C8-4006-B85D-D62D6E00BF9E}.Debug|x64.Build.0 = Debug|x64
		{72FCC690-B3C8-4006-B85D-D62D6E00BF9E}.Debug|x86.ActiveCfg = Debug|Win32
		{72FCC690-B3C8-4006-B85D-D62D6E00BF9E}.Debug|x86.Build.0 = Debug|Win32
		{72FCC690-B3C8-4006-B85D-D62D6E00BF9E}.Release|x64.ActiveCfg = Release|x64
		{72FCC690-B3C8-4006-B85D-D62D6E00BF9E}.Release|x64.Build.0 = Release|x64
		{72FCC690-B3C8-4006-B85D-D62D6E00BF9E}.Release|x86.ActiveCfg = Release|Win32
		{72FCC690-B3C8-4006-B85D-D62D6E00BF9E}.Release|x86.Build.0 = Release|Win32
	EndGlobalSection
	GlobalSection(SolutionProperties) = preSolution
		HideSolutionNode = FALSE
	EndGlobalSection
	GlobalSection(ExtensibilityGlobals) = postSolution
		SolutionGuid = {990AFCC2-BC73-4B83-8933-AEA005DBC407}
	EndGlobalSection
EndGlobal
